
Microsoft Visual Studio Solution File, Format Version 12.00
# Visual Studio Version 17
VisualStudioVersion = 17.0.31903.59
MinimumVisualStudioVersion = 10.0.40219.1
Project("{FAE04EC0-301F-11D3-BF4B-00C04F79EFBC}") = "PipelineWeaver.Core", "PipelineWeaver.Core\PipelineWeaver.Core.csproj", "{4D25FB64-CE43-4D22-A097-A3401AA9A567}"
EndProject
Project("{FAE04EC0-301F-11D3-BF4B-00C04F79EFBC}") = "PipelineWeaver.Tests.Ado", "PipelineWeaver.Tests\PipelineWeaver.Tests.Ado.csproj", "{34CF2890-4E70-49F5-81D3-8EC23892E44D}"
EndProject
Project("{FAE04EC0-301F-11D3-BF4B-00C04F79EFBC}") = "PipelineWeaver.Ado", "PipelineWeaver.Ado\PipelineWeaver.Ado.csproj", "{E686D288-FD85-462D-8F89-1AD45F2FF1F5}"
EndProject
Project("{2150E333-8FDC-42A3-9474-1A3956D46DE8}") = "Notes", "Notes", "{DC1D341B-CA08-44BD-A48B-E8165EF46172}"
	ProjectSection(SolutionItems) = preProject
		Notes = Notes
	EndProjectSection
EndProject
Project("{2150E333-8FDC-42A3-9474-1A3956D46DE8}") = "Build", "Build", "{7D0DFED1-E1A4-4B63-8D29-28BA07C33B9B}"
	ProjectSection(SolutionItems) = preProject
		build.sh = build.sh
	EndProjectSection
EndProject
Project("{FAE04EC0-301F-11D3-BF4B-00C04F79EFBC}") = "PipelineWeaver.Template", "PipelineWeaver.Template\PipelineWeaver.Template.csproj", "{F9110C7F-241A-466F-ACF8-690A5C9E195F}"
EndProject
Project("{FAE04EC0-301F-11D3-BF4B-00C04F79EFBC}") = "PipelineWeaver.AdoTranspiler", "PipelineWeaver.AdoTranspiler\PipelineWeaver.AdoTranspiler.csproj", "{16E9A123-D73E-4B4B-ADCF-ACA260CC4389}"
EndProject
Global
	GlobalSection(SolutionConfigurationPlatforms) = preSolution
		Debug|Any CPU = Debug|Any CPU
		Release|Any CPU = Release|Any CPU
	EndGlobalSection
	GlobalSection(ProjectConfigurationPlatforms) = postSolution
		{4D25FB64-CE43-4D22-A097-A3401AA9A567}.Debug|Any CPU.ActiveCfg = Debug|Any CPU
		{4D25FB64-CE43-4D22-A097-A3401AA9A567}.Debug|Any CPU.Build.0 = Debug|Any CPU
		{4D25FB64-CE43-4D22-A097-A3401AA9A567}.Release|Any CPU.ActiveCfg = Release|Any CPU
		{4D25FB64-CE43-4D22-A097-A3401AA9A567}.Release|Any CPU.Build.0 = Release|Any CPU
		{34CF2890-4E70-49F5-81D3-8EC23892E44D}.Debug|Any CPU.ActiveCfg = Debug|Any CPU
		{34CF2890-4E70-49F5-81D3-8EC23892E44D}.Debug|Any CPU.Build.0 = Debug|Any CPU
		{34CF2890-4E70-49F5-81D3-8EC23892E44D}.Release|Any CPU.ActiveCfg = Release|Any CPU
		{34CF2890-4E70-49F5-81D3-8EC23892E44D}.Release|Any CPU.Build.0 = Release|Any CPU
		{E686D288-FD85-462D-8F89-1AD45F2FF1F5}.Debug|Any CPU.ActiveCfg = Debug|Any CPU
		{E686D288-FD85-462D-8F89-1AD45F2FF1F5}.Debug|Any CPU.Build.0 = Debug|Any CPU
		{E686D288-FD85-462D-8F89-1AD45F2FF1F5}.Release|Any CPU.ActiveCfg = Release|Any CPU
		{E686D288-FD85-462D-8F89-1AD45F2FF1F5}.Release|Any CPU.Build.0 = Release|Any CPU
		{F9110C7F-241A-466F-ACF8-690A5C9E195F}.Debug|Any CPU.ActiveCfg = Debug|Any CPU
		{F9110C7F-241A-466F-ACF8-690A5C9E195F}.Debug|Any CPU.Build.0 = Debug|Any CPU
		{F9110C7F-241A-466F-ACF8-690A5C9E195F}.Release|Any CPU.ActiveCfg = Release|Any CPU
		{F9110C7F-241A-466F-ACF8-690A5C9E195F}.Release|Any CPU.Build.0 = Release|Any CPU
		{16E9A123-D73E-4B4B-ADCF-ACA260CC4389}.Debug|Any CPU.ActiveCfg = Debug|Any CPU
		{16E9A123-D73E-4B4B-ADCF-ACA260CC4389}.Debug|Any CPU.Build.0 = Debug|Any CPU
		{16E9A123-D73E-4B4B-ADCF-ACA260CC4389}.Release|Any CPU.ActiveCfg = Release|Any CPU
		{16E9A123-D73E-4B4B-ADCF-ACA260CC4389}.Release|Any CPU.Build.0 = Release|Any CPU
	EndGlobalSection
	GlobalSection(SolutionProperties) = preSolution
		HideSolutionNode = FALSE
	EndGlobalSection
EndGlobal
